
Microsoft Visual Studio Solution File, Format Version 12.00
# Visual Studio 15
VisualStudioVersion = 15.0.27703.2026
MinimumVisualStudioVersion = 10.0.40219.1
Project("{FAE04EC0-301F-11D3-BF4B-00C04F79EFBC}") = "Backupper", "Backupper\Backupper.csproj", "{A58AF85E-A405-4441-863A-DFF20FFFE504}"
EndProject
Project("{FAE04EC0-301F-11D3-BF4B-00C04F79EFBC}") = "MainDll", "..\..\MainDll\_C#Dev\MainDll\MainDll.csproj", "{1E18B63D-A3BB-434D-BB38-4FA14AD1D673}"
EndProject
Global
	GlobalSection(SolutionConfigurationPlatforms) = preSolution
		Debug|Any CPU = Debug|Any CPU
		Release|Any CPU = Release|Any CPU
	EndGlobalSection
	GlobalSection(ProjectConfigurationPlatforms) = postSolution
		{A58AF85E-A405-4441-863A-DFF20FFFE504}.Debug|Any CPU.ActiveCfg = Debug|Any CPU
		{A58AF85E-A405-4441-863A-DFF20FFFE504}.Debug|Any CPU.Build.0 = Debug|Any CPU
		{A58AF85E-A405-4441-863A-DFF20FFFE504}.Release|Any CPU.ActiveCfg = Release|Any CPU
		{A58AF85E-A405-4441-863A-DFF20FFFE504}.Release|Any CPU.Build.0 = Release|Any CPU
		{1E18B63D-A3BB-434D-BB38-4FA14AD1D673}.Debug|Any CPU.ActiveCfg = Debug|Any CPU
		{1E18B63D-A3BB-434D-BB38-4FA14AD1D673}.Debug|Any CPU.Build.0 = Debug|Any CPU
		{1E18B63D-A3BB-434D-BB38-4FA14AD1D673}.Release|Any CPU.ActiveCfg = Release|Any CPU
		{1E18B63D-A3BB-434D-BB38-4FA14AD1D673}.Release|Any CPU.Build.0 = Release|Any CPU
	EndGlobalSection
	GlobalSection(SolutionProperties) = preSolution
		HideSolutionNode = FALSE
	EndGlobalSection
	GlobalSection(ExtensibilityGlobals) = postSolution
		SolutionGuid = {FF0FF4F3-13CD-44ED-B86F-69B0261F5D51}
	EndGlobalSection
EndGlobal
